<?xml version="1.0" encoding="utf-8"?>
<Project ToolsVersion="4.0" xmlns="http://schemas.microsoft.com/developer/msbuild/2003">
  <ItemGroup>
    <Filter Include="Source Files">
      <UniqueIdentifier>{4FC737F1-C7A5-4376-A066-2A32D752A2FF}</UniqueIdentifier>
      <Extensions>cpp;c;cc;cxx;c++;cppm;ixx;def;odl;idl;hpj;bat;asm;asmx</Extensions>
    </Filter>
    <Filter Include="Header Files">
      <UniqueIdentifier>{93995380-89BD-4b04-88EB-625FBE52EBFB}</UniqueIdentifier>
      <Extensions>h;hh;hpp;hxx;h++;hm;inl;inc;ipp;xsd</Extensions>
    </Filter>
    <Filter Include="Resource Files">
      <UniqueIdentifier>{67DA6AB6-F800-4c08-8B7A-83BB121AAD01}</UniqueIdentifier>
      <Extensions>rc;ico;cur;bmp;dlg;rc2;rct;bin;rgs;gif;jpg;jpeg;jpe;resx;tiff;tif;png;wav;mfcribbon-ms</Extensions>
    </Filter>
    <Filter Include="Res">
      <UniqueIdentifier>{d265d8c0-3acc-4a20-8118-1c908657310a}</UniqueIdentifier>
    </Filter>
    <Filter Include="Res\shaders">
      <UniqueIdentifier>{2d570ce8-5303-4a52-806e-5b8e116acfdd}</UniqueIdentifier>
    </Filter>
  </ItemGroup>
  <ItemGroup>
    <ClCompile Include="Main.cpp">
      <Filter>Source Files</Filter>
    </ClCompile>
    <ClCompile Include="vertexBuffer.cpp">
      <Filter>Source Files</Filter>
    </ClCompile>
    <ClCompile Include="SimpelDraw.cpp">
      <Filter>Source Files</Filter>
    </ClCompile>
    <ClCompile Include="bufferHandler.cpp">
      <Filter>Source Files</Filter>
    </ClCompile>
    <ClCompile Include="objectLoader.cpp">
      <Filter>Source Files</Filter>
    </ClCompile>
    <ClCompile Include="texureLoader.cpp">
      <Filter>Source Files</Filter>
    </ClCompile>
    <ClCompile Include="objloader.cpp">
      <Filter>Source Files</Filter>
    </ClCompile>
  </ItemGroup>
  <ItemGroup>
    <None Include="basic.shader">
      <Filter>Res\shaders</Filter>
    </None>
  </ItemGroup>
  <ItemGroup>
    <ClInclude Include="vertexBuffer.h">
      <Filter>Header Files</Filter>
    </ClInclude>
    <ClInclude Include="SimpleDraw.h">
      <Filter>Header Files</Filter>
    </ClInclude>
    <ClInclude Include="bufferHandler.h">
      <Filter>Header Files</Filter>
    </ClInclude>
    <ClInclude Include="objectLoader.h">
      <Filter>Header Files</Filter>
    </ClInclude>
    <ClInclude Include="texureLoader.h">
      <Filter>Header Files</Filter>
    </ClInclude>
    <ClInclude Include="objloader.h">
      <Filter>Header Files</Filter>
    </ClInclude>
  </ItemGroup>
</Project>